
Microsoft Visual Studio Solution File, Format Version 12.00
# Visual Studio Version 16
VisualStudioVersion = 16.0.30717.126
MinimumVisualStudioVersion = 10.0.40219.1
Project("{9A19103F-16F7-4668-BE54-9A1E7A4F7556}") = "InmobiliariaDashboard.Server", "InmobiliariaDashboard\Server\InmobiliariaDashboard.Server.csproj", "{FC028B7E-5AC8-4C73-9664-BB501764C560}"
EndProject
Project("{9A19103F-16F7-4668-BE54-9A1E7A4F7556}") = "InmobiliariaDashboard.Client", "InmobiliariaDashboard\Client\InmobiliariaDashboard.Client.csproj", "{AA5A58D4-F6AD-4E48-8AFF-E409669C47DB}"
EndProject
Project("{9A19103F-16F7-4668-BE54-9A1E7A4F7556}") = "InmobiliariaDashboard.Shared", "InmobiliariaDashboard\Shared\InmobiliariaDashboard.Shared.csproj", "{307E51FA-F5D4-4BC5-AA9C-D674A2DF9D0D}"
EndProject
Project("{FAE04EC0-301F-11D3-BF4B-00C04F79EFBC}") = "InmobiliariaDashboard.Server.Test", "InmobiliariaDashboard.Server.Test\InmobiliariaDashboard.Server.Test.csproj", "{B829DA61-8298-49FE-80D2-9082579BBFCD}"
EndProject
Global
	GlobalSection(SolutionConfigurationPlatforms) = preSolution
		Debug|Any CPU = Debug|Any CPU
		Release|Any CPU = Release|Any CPU
	EndGlobalSection
	GlobalSection(ProjectConfigurationPlatforms) = postSolution
		{FC028B7E-5AC8-4C73-9664-BB501764C560}.Debug|Any CPU.ActiveCfg = Debug|Any CPU
		{FC028B7E-5AC8-4C73-9664-BB501764C560}.Debug|Any CPU.Build.0 = Debug|Any CPU
		{FC028B7E-5AC8-4C73-9664-BB501764C560}.Release|Any CPU.ActiveCfg = Release|Any CPU
		{FC028B7E-5AC8-4C73-9664-BB501764C560}.Release|Any CPU.Build.0 = Release|Any CPU
		{AA5A58D4-F6AD-4E48-8AFF-E409669C47DB}.Debug|Any CPU.ActiveCfg = Debug|Any CPU
		{AA5A58D4-F6AD-4E48-8AFF-E409669C47DB}.Debug|Any CPU.Build.0 = Debug|Any CPU
		{AA5A58D4-F6AD-4E48-8AFF-E409669C47DB}.Release|Any CPU.ActiveCfg = Release|Any CPU
		{AA5A58D4-F6AD-4E48-8AFF-E409669C47DB}.Release|Any CPU.Build.0 = Release|Any CPU
		{307E51FA-F5D4-4BC5-AA9C-D674A2DF9D0D}.Debug|Any CPU.ActiveCfg = Debug|Any CPU
		{307E51FA-F5D4-4BC5-AA9C-D674A2DF9D0D}.Debug|Any CPU.Build.0 = Debug|Any CPU
		{307E51FA-F5D4-4BC5-AA9C-D674A2DF9D0D}.Release|Any CPU.ActiveCfg = Release|Any CPU
		{307E51FA-F5D4-4BC5-AA9C-D674A2DF9D0D}.Release|Any CPU.Build.0 = Release|Any CPU
		{B829DA61-8298-49FE-80D2-9082579BBFCD}.Debug|Any CPU.ActiveCfg = Debug|Any CPU
		{B829DA61-8298-49FE-80D2-9082579BBFCD}.Debug|Any CPU.Build.0 = Debug|Any CPU
		{B829DA61-8298-49FE-80D2-9082579BBFCD}.Release|Any CPU.ActiveCfg = Release|Any CPU
		{B829DA61-8298-49FE-80D2-9082579BBFCD}.Release|Any CPU.Build.0 = Release|Any CPU
	EndGlobalSection
	GlobalSection(SolutionProperties) = preSolution
		HideSolutionNode = FALSE
	EndGlobalSection
	GlobalSection(ExtensibilityGlobals) = postSolution
		SolutionGuid = {5BDF1F40-9A17-4B12-AA73-96E387374C9E}
	EndGlobalSection
EndGlobal
